
Microsoft Visual Studio Solution File, Format Version 12.00
# Visual Studio Version 17
VisualStudioVersion = 17.10.35027.167
MinimumVisualStudioVersion = 10.0.40219.1
Project("{9A19103F-16F7-4668-BE54-9A1E7A4F7556}") = "maxappear", "maxappear\maxappear.csproj", "{7E3308A0-50F3-42E6-A28F-A5E8CBC44958}"
EndProject
Project("{9A19103F-16F7-4668-BE54-9A1E7A4F7556}") = "Roman_Number", "Roman_Number\Roman_Number.csproj", "{EA97060F-8C11-45C9-9F0C-DABB9929E482}"
EndProject
Project("{FAE04EC0-301F-11D3-BF4B-00C04F79EFBC}") = "Delete_at_position", "Delete_at_position\Delete_at_position.csproj", "{AD800303-7485-425C-BB37-10C41C857DE0}"
EndProject
Project("{FAE04EC0-301F-11D3-BF4B-00C04F79EFBC}") = "add_at_position", "add_at_position\add_at_position.csproj", "{56768968-C718-4611-9546-1C500C3E1126}"
EndProject
Global
	GlobalSection(SolutionConfigurationPlatforms) = preSolution
		Debug|Any CPU = Debug|Any CPU
		Release|Any CPU = Release|Any CPU
	EndGlobalSection
	GlobalSection(ProjectConfigurationPlatforms) = postSolution
		{7E3308A0-50F3-42E6-A28F-A5E8CBC44958}.Debug|Any CPU.ActiveCfg = Debug|Any CPU
		{7E3308A0-50F3-42E6-A28F-A5E8CBC44958}.Debug|Any CPU.Build.0 = Debug|Any CPU
		{7E3308A0-50F3-42E6-A28F-A5E8CBC44958}.Release|Any CPU.ActiveCfg = Release|Any CPU
		{7E3308A0-50F3-42E6-A28F-A5E8CBC44958}.Release|Any CPU.Build.0 = Release|Any CPU
		{EA97060F-8C11-45C9-9F0C-DABB9929E482}.Debug|Any CPU.ActiveCfg = Debug|Any CPU
		{EA97060F-8C11-45C9-9F0C-DABB9929E482}.Debug|Any CPU.Build.0 = Debug|Any CPU
		{EA97060F-8C11-45C9-9F0C-DABB9929E482}.Release|Any CPU.ActiveCfg = Release|Any CPU
		{EA97060F-8C11-45C9-9F0C-DABB9929E482}.Release|Any CPU.Build.0 = Release|Any CPU
		{AD800303-7485-425C-BB37-10C41C857DE0}.Debug|Any CPU.ActiveCfg = Debug|Any CPU
		{AD800303-7485-425C-BB37-10C41C857DE0}.Debug|Any CPU.Build.0 = Debug|Any CPU
		{AD800303-7485-425C-BB37-10C41C857DE0}.Release|Any CPU.ActiveCfg = Release|Any CPU
		{AD800303-7485-425C-BB37-10C41C857DE0}.Release|Any CPU.Build.0 = Release|Any CPU
		{56768968-C718-4611-9546-1C500C3E1126}.Debug|Any CPU.ActiveCfg = Debug|Any CPU
		{56768968-C718-4611-9546-1C500C3E1126}.Debug|Any CPU.Build.0 = Debug|Any CPU
		{56768968-C718-4611-9546-1C500C3E1126}.Release|Any CPU.ActiveCfg = Release|Any CPU
		{56768968-C718-4611-9546-1C500C3E1126}.Release|Any CPU.Build.0 = Release|Any CPU
	EndGlobalSection
	GlobalSection(SolutionProperties) = preSolution
		HideSolutionNode = FALSE
	EndGlobalSection
	GlobalSection(ExtensibilityGlobals) = postSolution
		SolutionGuid = {71B0545A-4369-4EC7-92EC-6F152BD770CF}
	EndGlobalSection
EndGlobal
