
Microsoft Visual Studio Solution File, Format Version 12.00
# Visual Studio Version 17
VisualStudioVersion = 17.10.35027.167
MinimumVisualStudioVersion = 10.0.40219.1
Project("{FAE04EC0-301F-11D3-BF4B-00C04F79EFBC}") = "Test", "Test_Deck\Test.csproj", "{F61CAE3E-549F-4E85-A8D8-D2B71F5042FC}"
EndProject
Project("{FAE04EC0-301F-11D3-BF4B-00C04F79EFBC}") = "CardGameLogic", "CardGameLogic\CardGameLogic.csproj", "{52FB4CAB-D8C8-4E45-8053-961BE9B7CDD4}"
EndProject
Global
	GlobalSection(SolutionConfigurationPlatforms) = preSolution
		Debug|Any CPU = Debug|Any CPU
		Release|Any CPU = Release|Any CPU
	EndGlobalSection
	GlobalSection(ProjectConfigurationPlatforms) = postSolution
		{F61CAE3E-549F-4E85-A8D8-D2B71F5042FC}.Debug|Any CPU.ActiveCfg = Debug|Any CPU
		{F61CAE3E-549F-4E85-A8D8-D2B71F5042FC}.Debug|Any CPU.Build.0 = Debug|Any CPU
		{F61CAE3E-549F-4E85-A8D8-D2B71F5042FC}.Release|Any CPU.ActiveCfg = Release|Any CPU
		{F61CAE3E-549F-4E85-A8D8-D2B71F5042FC}.Release|Any CPU.Build.0 = Release|Any CPU
		{52FB4CAB-D8C8-4E45-8053-961BE9B7CDD4}.Debug|Any CPU.ActiveCfg = Debug|Any CPU
		{52FB4CAB-D8C8-4E45-8053-961BE9B7CDD4}.Debug|Any CPU.Build.0 = Debug|Any CPU
		{52FB4CAB-D8C8-4E45-8053-961BE9B7CDD4}.Release|Any CPU.ActiveCfg = Release|Any CPU
		{52FB4CAB-D8C8-4E45-8053-961BE9B7CDD4}.Release|Any CPU.Build.0 = Release|Any CPU
	EndGlobalSection
	GlobalSection(SolutionProperties) = preSolution
		HideSolutionNode = FALSE
	EndGlobalSection
	GlobalSection(ExtensibilityGlobals) = postSolution
		SolutionGuid = {3F27CE1B-EF45-4959-86FD-AF5F96230F33}
	EndGlobalSection
EndGlobal
